Microsoft Visual Studio Solution File, Format Version 12.00
# Visual Studio Version 17
VisualStudioVersion = 17.0.31912.275
MinimumVisualStudioVersion = 10.0.40219.1
Project("{FAE04EC0-301F-11D3-BF4B-00C04F79EFBC}") = "OrderService", "OrderService\OrderService.csproj", "{EAF2E0A9-6A1B-4F8A-9E9E-0D0C020A9A6E}"
EndProject
Project("{FAE04EC0-301F-11D3-BF4B-00C04F79EFBC}") = "OrderProcessor", "OrderProcessor\OrderProcessor.csproj", "{E3E9D0AF-7A2C-4C9B-8E2E-1B9B5FE2C2F1}"
EndProject
Project("{FAE04EC0-301F-11D3-BF4B-00C04F79EFBC}") = "SharedKernel", "SharedKernel\SharedKernel.csproj", "{2F2B9E7C-7E2F-4F90-9D6A-7DB1C7F9E6F4}"
EndProject
Project("{FAE04EC0-301F-11D3-BF4B-00C04F79EFBC}") = "OrderService.Tests", "OrderService.Tests\OrderService.Tests.csproj", "{BFE7A7B8-8B8C-4C8A-9C4A-0F2B3A3D77C5}"
EndProject
Global
	GlobalSection(SolutionConfigurationPlatforms) = preSolution
		Debug|Any CPU = Debug|Any CPU
		Release|Any CPU = Release|Any CPU
	EndGlobalSection
	GlobalSection(ProjectConfigurationPlatforms) = postSolution
		{EAF2E0A9-6A1B-4F8A-9E9E-0D0C020A9A6E}.Debug|Any CPU.ActiveCfg = Debug|Any CPU
		{EAF2E0A9-6A1B-4F8A-9E9E-0D0C020A9A6E}.Debug|Any CPU.Build.0 = Debug|Any CPU
		{EAF2E0A9-6A1B-4F8A-9E9E-0D0C020A9A6E}.Release|Any CPU.ActiveCfg = Release|Any CPU
		{EAF2E0A9-6A1B-4F8A-9E9E-0D0C020A9A6E}.Release|Any CPU.Build.0 = Release|Any CPU
		{E3E9D0AF-7A2C-4C9B-8E2E-1B9B5FE2C2F1}.Debug|Any CPU.ActiveCfg = Debug|Any CPU
		{E3E9D0AF-7A2C-4C9B-8E2E-1B9B5FE2C2F1}.Debug|Any CPU.Build.0 = Debug|Any CPU
		{E3E9D0AF-7A2C-4C9B-8E2E-1B9B5FE2C2F1}.Release|Any CPU.ActiveCfg = Release|Any CPU
		{E3E9D0AF-7A2C-4C9B-8E2E-1B9B5FE2C2F1}.Release|Any CPU.Build.0 = Release|Any CPU
		{2F2B9E7C-7E2F-4F90-9D6A-7DB1C7F9E6F4}.Debug|Any CPU.ActiveCfg = Debug|Any CPU
		{2F2B9E7C-7E2F-4F90-9D6A-7DB1C7F9E6F4}.Debug|Any CPU.Build.0 = Debug|Any CPU
		{2F2B9E7C-7E2F-4F90-9D6A-7DB1C7F9E6F4}.Release|Any CPU.ActiveCfg = Release|Any CPU
		{2F2B9E7C-7E2F-4F90-9D6A-7DB1C7F9E6F4}.Release|Any CPU.Build.0 = Release|Any CPU
		{BFE7A7B8-8B8C-4C8A-9C4A-0F2B3A3D77C5}.Debug|Any CPU.ActiveCfg = Debug|Any CPU
		{BFE7A7B8-8B8C-4C8A-9C4A-0F2B3A3D77C5}.Debug|Any CPU.Build.0 = Debug|Any CPU
		{BFE7A7B8-8B8C-4C8A-9C4A-0F2B3A3D77C5}.Release|Any CPU.ActiveCfg = Release|Any CPU
		{BFE7A7B8-8B8C-4C8A-9C4A-0F2B3A3D77C5}.Release|Any CPU.Build.0 = Release|Any CPU
	EndGlobalSection
EndGlobal
